
Microsoft Visual Studio Solution File, Format Version 12.00
# Visual Studio 14
VisualStudioVersion = 14.0.25420.1
MinimumVisualStudioVersion = 10.0.40219.1
Project("{FAE04EC0-301F-11D3-BF4B-00C04F79EFBC}") = "CorporateAndFinance.Web", "Web\CorporateAndFinance.Web.csproj", "{5A44DF78-B05E-4329-AEA9-E5D6368B4348}"
EndProject
Project("{FAE04EC0-301F-11D3-BF4B-00C04F79EFBC}") = "CorporateAndFinance.Data", "CorporateAndFinance.Data\CorporateAndFinance.Data.csproj", "{3563E010-85A8-40AA-90ED-35150E6DDC25}"
EndProject
Project("{FAE04EC0-301F-11D3-BF4B-00C04F79EFBC}") = "CorporateAndFinance.Service", "CorporateAndFinance.Service\CorporateAndFinance.Service.csproj", "{5843814E-A37B-4A09-8D78-9AA59E6247D6}"
EndProject
Project("{FAE04EC0-301F-11D3-BF4B-00C04F79EFBC}") = "CorporateAndFinance.Core", "CorporateAndFinance.Core\CorporateAndFinance.Core.csproj", "{1434E87E-7B29-4197-9FA1-FEFDDFF77E6A}"
EndProject
Global
	GlobalSection(SolutionConfigurationPlatforms) = preSolution
		Debug|Any CPU = Debug|Any CPU
		Release|Any CPU = Release|Any CPU
	EndGlobalSection
	GlobalSection(ProjectConfigurationPlatforms) = postSolution
		{5A44DF78-B05E-4329-AEA9-E5D6368B4348}.Debug|Any CPU.ActiveCfg = Debug|Any CPU
		{5A44DF78-B05E-4329-AEA9-E5D6368B4348}.Debug|Any CPU.Build.0 = Debug|Any CPU
		{5A44DF78-B05E-4329-AEA9-E5D6368B4348}.Release|Any CPU.ActiveCfg = Release|Any CPU
		{5A44DF78-B05E-4329-AEA9-E5D6368B4348}.Release|Any CPU.Build.0 = Release|Any CPU
		{3563E010-85A8-40AA-90ED-35150E6DDC25}.Debug|Any CPU.ActiveCfg = Debug|Any CPU
		{3563E010-85A8-40AA-90ED-35150E6DDC25}.Debug|Any CPU.Build.0 = Debug|Any CPU
		{3563E010-85A8-40AA-90ED-35150E6DDC25}.Release|Any CPU.ActiveCfg = Release|Any CPU
		{3563E010-85A8-40AA-90ED-35150E6DDC25}.Release|Any CPU.Build.0 = Release|Any CPU
		{5843814E-A37B-4A09-8D78-9AA59E6247D6}.Debug|Any CPU.ActiveCfg = Debug|Any CPU
		{5843814E-A37B-4A09-8D78-9AA59E6247D6}.Debug|Any CPU.Build.0 = Debug|Any CPU
		{5843814E-A37B-4A09-8D78-9AA59E6247D6}.Release|Any CPU.ActiveCfg = Release|Any CPU
		{5843814E-A37B-4A09-8D78-9AA59E6247D6}.Release|Any CPU.Build.0 = Release|Any CPU
		{1434E87E-7B29-4197-9FA1-FEFDDFF77E6A}.Debug|Any CPU.ActiveCfg = Debug|Any CPU
		{1434E87E-7B29-4197-9FA1-FEFDDFF77E6A}.Debug|Any CPU.Build.0 = Debug|Any CPU
		{1434E87E-7B29-4197-9FA1-FEFDDFF77E6A}.Release|Any CPU.ActiveCfg = Release|Any CPU
		{1434E87E-7B29-4197-9FA1-FEFDDFF77E6A}.Release|Any CPU.Build.0 = Release|Any CPU
	EndGlobalSection
	GlobalSection(SolutionProperties) = preSolution
		HideSolutionNode = FALSE
	EndGlobalSection
EndGlobal
